
Microsoft Visual Studio Solution File, Format Version 12.00
# Visual Studio Version 17
VisualStudioVersion = 17.6.33723.286
MinimumVisualStudioVersion = 10.0.40219.1
Project("{FAE04EC0-301F-11D3-BF4B-00C04F79EFBC}") = "RescueProjectReactASPNET", "RescueProjectReactASPNET\RescueProjectReactASPNET.csproj", "{BEB02CB8-95B3-4D1D-8132-76AE8743D1E2}"
EndProject
Global
	GlobalSection(SolutionConfigurationPlatforms) = preSolution
		Debug|Any CPU = Debug|Any CPU
		Release|Any CPU = Release|Any CPU
	EndGlobalSection
	GlobalSection(ProjectConfigurationPlatforms) = postSolution
		{BEB02CB8-95B3-4D1D-8132-76AE8743D1E2}.Debug|Any CPU.ActiveCfg = Debug|Any CPU
		{BEB02CB8-95B3-4D1D-8132-76AE8743D1E2}.Debug|Any CPU.Build.0 = Debug|Any CPU
		{BEB02CB8-95B3-4D1D-8132-76AE8743D1E2}.Release|Any CPU.ActiveCfg = Release|Any CPU
		{BEB02CB8-95B3-4D1D-8132-76AE8743D1E2}.Release|Any CPU.Build.0 = Release|Any CPU
	EndGlobalSection
	GlobalSection(SolutionProperties) = preSolution
		HideSolutionNode = FALSE
	EndGlobalSection
	GlobalSection(ExtensibilityGlobals) = postSolution
		SolutionGuid = {8EF4D424-7FC9-4B73-B75F-95C093BE8F59}
	EndGlobalSection
EndGlobal
